
Microsoft Visual Studio Solution File, Format Version 12.00
# Visual Studio Version 17
VisualStudioVersion = 17.12.35527.113
MinimumVisualStudioVersion = 10.0.40219.1
Project("{FAE04EC0-301F-11D3-BF4B-00C04F79EFBC}") = "OfficeCommunicatorAPI", "OfficeCommunicatorAPI\OfficeCommunicatorAPI.csproj", "{276C424F-B8BB-4114-BE83-44D4A7797857}"
EndProject
Project("{FAE04EC0-301F-11D3-BF4B-00C04F79EFBC}") = "OfficeCommunicatorMAUI", "OfficeCommunicatorMAUI\OfficeCommunicatorMAUI.csproj", "{3BDB04EA-D6E4-4783-A18E-7783B9835EDF}"
EndProject
Global
	GlobalSection(SolutionConfigurationPlatforms) = preSolution
		Debug|Any CPU = Debug|Any CPU
		Release|Any CPU = Release|Any CPU
	EndGlobalSection
	GlobalSection(ProjectConfigurationPlatforms) = postSolution
		{276C424F-B8BB-4114-BE83-44D4A7797857}.Debug|Any CPU.ActiveCfg = Debug|Any CPU
		{276C424F-B8BB-4114-BE83-44D4A7797857}.Debug|Any CPU.Build.0 = Debug|Any CPU
		{276C424F-B8BB-4114-BE83-44D4A7797857}.Release|Any CPU.ActiveCfg = Release|Any CPU
		{276C424F-B8BB-4114-BE83-44D4A7797857}.Release|Any CPU.Build.0 = Release|Any CPU
		{3BDB04EA-D6E4-4783-A18E-7783B9835EDF}.Debug|Any CPU.ActiveCfg = Debug|Any CPU
		{3BDB04EA-D6E4-4783-A18E-7783B9835EDF}.Debug|Any CPU.Build.0 = Debug|Any CPU
		{3BDB04EA-D6E4-4783-A18E-7783B9835EDF}.Debug|Any CPU.Deploy.0 = Debug|Any CPU
		{3BDB04EA-D6E4-4783-A18E-7783B9835EDF}.Release|Any CPU.ActiveCfg = Release|Any CPU
		{3BDB04EA-D6E4-4783-A18E-7783B9835EDF}.Release|Any CPU.Build.0 = Release|Any CPU
	EndGlobalSection
	GlobalSection(SolutionProperties) = preSolution
		HideSolutionNode = FALSE
	EndGlobalSection
EndGlobal
